// !$*UTF8*$!
{
	archiveVersion = 1;
	classes = {
	};
	objectVersion = 50;
	objects = {

/* Begin PBXBuildFile section */
		D8C54012249154DE0060BD08 /* AppDelegate.swift in Sources */ = {isa = PBXBuildFile; fileRef = D8C54011249154DE0060BD08 /* AppDelegate.swift */; };
		D8C54014249154DE0060BD08 /* SceneDelegate.swift in Sources */ = {isa = PBXBuildFile; fileRef = D8C54013249154DE0060BD08 /* SceneDelegate.swift */; };
		D8C54016249154DE0060BD08 /* ViewController.swift in Sources */ = {isa = PBXBuildFile; fileRef = D8C54015249154DE0060BD08 /* ViewController.swift */; };
		D8C54019249154DE0060BD08 /* Main.storyboard in Resources */ = {isa = PBXBuildFile; fileRef = D8C54017249154DE0060BD08 /* Main.storyboard */; };
		D8C5401B249154E10060BD08 /* Assets.xcassets in Resources */ = {isa = PBXBuildFile; fileRef = D8C5401A249154E10060BD08 /* Assets.xcassets */; };
		D8C5401E249154E10060BD08 /* LaunchScreen.storyboard in Resources */ = {isa = PBXBuildFile; fileRef = D8C5401C249154E10060BD08 /* LaunchScreen.storyboard */; };
		D8C54029249154E10060BD08 /* Outdoorsy_Code_ChallengeTests.swift in Sources */ = {isa = PBXBuildFile; fileRef = D8C54028249154E10060BD08 /* Outdoorsy_Code_ChallengeTests.swift */; };
		D8C54034249154E10060BD08 /* Outdoorsy_Code_ChallengeUITests.swift in Sources */ = {isa = PBXBuildFile; fileRef = D8C54033249154E10060BD08 /* Outdoorsy_Code_ChallengeUITests.swift */; };
		D8C5404224916E900060BD08 /* DownloadManager.swift in Sources */ = {isa = PBXBuildFile; fileRef = D8C5404124916E900060BD08 /* DownloadManager.swift */; };
		D8C5404424916F310060BD08 /* ResultTableViewCell.swift in Sources */ = {isa = PBXBuildFile; fileRef = D8C5404324916F310060BD08 /* ResultTableViewCell.swift */; };
		D8C54048249195FA0060BD08 /* Presenter.swift in Sources */ = {isa = PBXBuildFile; fileRef = D8C54047249195FA0060BD08 /* Presenter.swift */; };
		D8C5404D2491AEE70060BD08 /* Collection+SafeAccess.swift in Sources */ = {isa = PBXBuildFile; fileRef = D8C5404C2491AEE70060BD08 /* Collection+SafeAccess.swift */; };
		D8C540502491AFA60060BD08 /* ModelObject.swift in Sources */ = {isa = PBXBuildFile; fileRef = D8C5404F2491AFA60060BD08 /* ModelObject.swift */; };
		D8C540542491BE7A0060BD08 /* SharedDefines.swift in Sources */ = {isa = PBXBuildFile; fileRef = D8C540532491BE7A0060BD08 /* SharedDefines.swift */; };
/* End PBXBuildFile section */

/* Begin PBXContainerItemProxy section */
		D8C54025249154E10060BD08 /* PBXContainerItemProxy */ = {
			isa = PBXContainerItemProxy;
			containerPortal = D8C54006249154DE0060BD08 /* Project object */;
			proxyType = 1;
			remoteGlobalIDString = D8C5400D249154DE0060BD08;
			remoteInfo = "Outdoorsy Code Challenge";
		};
		D8C54030249154E10060BD08 /* PBXContainerItemProxy */ = {
			isa = PBXContainerItemProxy;
			containerPortal = D8C54006249154DE0060BD08 /* Project object */;
			proxyType = 1;
			remoteGlobalIDString = D8C5400D249154DE0060BD08;
			remoteInfo = "Outdoorsy Code Challenge";
		};
/* End PBXContainerItemProxy section */

/* Begin PBXFileReference section */
		D8C5400E249154DE0060BD08 /* Outdoorsy Code Challenge.app */ = {isa = PBXFileReference; explicitFileType = wrapper.application; includeInIndex = 0; path = "Outdoorsy Code Challenge.app"; sourceTree = BUILT_PRODUCTS_DIR; };
		D8C54011249154DE0060BD08 /* AppDelegate.swift */ = {isa = PBXFileReference; lastKnownFileType = sourcecode.swift; path = AppDelegate.swift; sourceTree = "<group>"; };
		D8C54013249154DE0060BD08 /* SceneDelegate.swift */ = {isa = PBXFileReference; lastKnownFileType = sourcecode.swift; path = SceneDelegate.swift; sourceTree = "<group>"; };
		D8C54015249154DE0060BD08 /* ViewController.swift */ = {isa = PBXFileReference; lastKnownFileType = sourcecode.swift; path = ViewController.swift; sourceTree = "<group>"; };
		D8C54018249154DE0060BD08 /* Base */ = {isa = PBXFileReference; lastKnownFileType = file.storyboard; name = Base; path = Base.lproj/Main.storyboard; sourceTree = "<group>"; };
		D8C5401A249154E10060BD08 /* Assets.xcassets */ = {isa = PBXFileReference; lastKnownFileType = folder.assetcatalog; path = Assets.xcassets; sourceTree = "<group>"; };
		D8C5401D249154E10060BD08 /* Base */ = {isa = PBXFileReference; lastKnownFileType = file.storyboard; name = Base; path = Base.lproj/LaunchScreen.storyboard; sourceTree = "<group>"; };
		D8C5401F249154E10060BD08 /* Info.plist */ = {isa = PBXFileReference; lastKnownFileType = text.plist.xml; path = Info.plist; sourceTree = "<group>"; };
		D8C54024249154E10060BD08 /* Outdoorsy Code ChallengeTests.xctest */ = {isa = PBXFileReference; explicitFileType = wrapper.cfbundle; includeInIndex = 0; path = "Outdoorsy Code ChallengeTests.xctest"; sourceTree = BUILT_PRODUCTS_DIR; };
		D8C54028249154E10060BD08 /* Outdoorsy_Code_ChallengeTests.swift */ = {isa = PBXFileReference; lastKnownFileType = sourcecode.swift; path = Outdoorsy_Code_ChallengeTests.swift; sourceTree = "<group>"; };
		D8C5402A249154E10060BD08 /* Info.plist */ = {isa = PBXFileReference; lastKnownFileType = text.plist.xml; path = Info.plist; sourceTree = "<group>"; };
		D8C5402F249154E10060BD08 /* Outdoorsy Code ChallengeUITests.xctest */ = {isa = PBXFileReference; explicitFileType = wrapper.cfbundle; includeInIndex = 0; path = "Outdoorsy Code ChallengeUITests.xctest"; sourceTree = BUILT_PRODUCTS_DIR; };
		D8C54033249154E10060BD08 /* Outdoorsy_Code_ChallengeUITests.swift */ = {isa = PBXFileReference; lastKnownFileType = sourcecode.swift; path = Outdoorsy_Code_ChallengeUITests.swift; sourceTree = "<group>"; };
		D8C54035249154E10060BD08 /* Info.plist */ = {isa = PBXFileReference; lastKnownFileType = text.plist.xml; path = Info.plist; sourceTree = "<group>"; };
		D8C5404124916E900060BD08 /* DownloadManager.swift */ = {isa = PBXFileReference; lastKnownFileType = sourcecode.swift; path = DownloadManager.swift; sourceTree = "<group>"; };
		D8C5404324916F310060BD08 /* ResultTableViewCell.swift */ = {isa = PBXFileReference; lastKnownFileType = sourcecode.swift; path = ResultTableViewCell.swift; sourceTree = "<group>"; };
		D8C54047249195FA0060BD08 /* Presenter.swift */ = {isa = PBXFileReference; lastKnownFileType = sourcecode.swift; path = Presenter.swift; sourceTree = "<group>"; };
		D8C5404C2491AEE70060BD08 /* Collection+SafeAccess.swift */ = {isa = PBXFileReference; fileEncoding = 4; lastKnownFileType = sourcecode.swift; path = "Collection+SafeAccess.swift"; sourceTree = "<group>"; };
		D8C5404F2491AFA60060BD08 /* ModelObject.swift */ = {isa = PBXFileReference; lastKnownFileType = sourcecode.swift; path = ModelObject.swift; sourceTree = "<group>"; };
		D8C540532491BE7A0060BD08 /* SharedDefines.swift */ = {isa = PBXFileReference; lastKnownFileType = sourcecode.swift; path = SharedDefines.swift; sourceTree = "<group>"; };
/* End PBXFileReference section */

/* Begin PBXFrameworksBuildPhase section */
		D8C5400B249154DE0060BD08 /* Frameworks */ = {
			isa = PBXFrameworksBuildPhase;
			buildActionMask = 2147483647;
			files = (
			);
			runOnlyForDeploymentPostprocessing = 0;
		};
		D8C54021249154E10060BD08 /* Frameworks */ = {
			isa = PBXFrameworksBuildPhase;
			buildActionMask = 2147483647;
			files = (
			);
			runOnlyForDeploymentPostprocessing = 0;
		};
		D8C5402C249154E10060BD08 /* Frameworks */ = {
			isa = PBXFrameworksBuildPhase;
			buildActionMask = 2147483647;
			files = (
			);
			runOnlyForDeploymentPostprocessing = 0;
		};
/* End PBXFrameworksBuildPhase section */

/* Begin PBXGroup section */
		D8C54005249154DE0060BD08 = {
			isa = PBXGroup;
			children = (
				D8C54010249154DE0060BD08 /* Outdoorsy Code Challenge */,
				D8C54027249154E10060BD08 /* Outdoorsy Code ChallengeTests */,
				D8C54032249154E10060BD08 /* Outdoorsy Code ChallengeUITests */,
				D8C5400F249154DE0060BD08 /* Products */,
			);
			sourceTree = "<group>";
		};
		D8C5400F249154DE0060BD08 /* Products */ = {
			isa = PBXGroup;
			children = (
				D8C5400E249154DE0060BD08 /* Outdoorsy Code Challenge.app */,
				D8C54024249154E10060BD08 /* Outdoorsy Code ChallengeTests.xctest */,
				D8C5402F249154E10060BD08 /* Outdoorsy Code ChallengeUITests.xctest */,
			);
			name = Products;
			sourceTree = "<group>";
		};
		D8C54010249154DE0060BD08 /* Outdoorsy Code Challenge */ = {
			isa = PBXGroup;
			children = (
				D8C54011249154DE0060BD08 /* AppDelegate.swift */,
				D8C54013249154DE0060BD08 /* SceneDelegate.swift */,
				D8C540532491BE7A0060BD08 /* SharedDefines.swift */,
				D8C54049249195FE0060BD08 /* Presenters */,
				D8C5404524918DF70060BD08 /* Views */,
				D8C5404624918E030060BD08 /* Data Management */,
				D8C5404E2491AEF30060BD08 /* Extensions */,
				D8C54017249154DE0060BD08 /* Main.storyboard */,
				D8C5401A249154E10060BD08 /* Assets.xcassets */,
				D8C5401C249154E10060BD08 /* LaunchScreen.storyboard */,
				D8C5401F249154E10060BD08 /* Info.plist */,
			);
			path = "Outdoorsy Code Challenge";
			sourceTree = "<group>";
		};
		D8C54027249154E10060BD08 /* Outdoorsy Code ChallengeTests */ = {
			isa = PBXGroup;
			children = (
				D8C54028249154E10060BD08 /* Outdoorsy_Code_ChallengeTests.swift */,
				D8C5402A249154E10060BD08 /* Info.plist */,
			);
			path = "Outdoorsy Code ChallengeTests";
			sourceTree = "<group>";
		};
		D8C54032249154E10060BD08 /* Outdoorsy Code ChallengeUITests */ = {
			isa = PBXGroup;
			children = (
				D8C54033249154E10060BD08 /* Outdoorsy_Code_ChallengeUITests.swift */,
				D8C54035249154E10060BD08 /* Info.plist */,
			);
			path = "Outdoorsy Code ChallengeUITests";
			sourceTree = "<group>";
		};
		D8C5404524918DF70060BD08 /* Views */ = {
			isa = PBXGroup;
			children = (
				D8C54015249154DE0060BD08 /* ViewController.swift */,
				D8C5404324916F310060BD08 /* ResultTableViewCell.swift */,
			);
			path = Views;
			sourceTree = "<group>";
		};
		D8C5404624918E030060BD08 /* Data Management */ = {
			isa = PBXGroup;
			children = (
				D8C5404124916E900060BD08 /* DownloadManager.swift */,
				D8C5404F2491AFA60060BD08 /* ModelObject.swift */,
			);
			path = "Data Management";
			sourceTree = "<group>";
		};
		D8C54049249195FE0060BD08 /* Presenters */ = {
			isa = PBXGroup;
			children = (
				D8C54047249195FA0060BD08 /* Presenter.swift */,
			);
			path = Presenters;
			sourceTree = "<group>";
		};
		D8C5404E2491AEF30060BD08 /* Extensions */ = {
			isa = PBXGroup;
			children = (
				D8C5404C2491AEE70060BD08 /* Collection+SafeAccess.swift */,
			);
			path = Extensions;
			sourceTree = "<group>";
		};
/* End PBXGroup section */

/* Begin PBXNativeTarget section */
		D8C5400D249154DE0060BD08 /* Outdoorsy Code Challenge */ = {
			isa = PBXNativeTarget;
			buildConfigurationList = D8C54038249154E10060BD08 /* Build configuration list for PBXNativeTarget "Outdoorsy Code Challenge" */;
			buildPhases = (
				D8C5400A249154DE0060BD08 /* Sources */,
				D8C5400B249154DE0060BD08 /* Frameworks */,
				D8C5400C249154DE0060BD08 /* Resources */,
			);
			buildRules = (
			);
			dependencies = (
			);
			name = "Outdoorsy Code Challenge";
			productName = "Outdoorsy Code Challenge";
			productReference = D8C5400E249154DE0060BD08 /* Outdoorsy Code Challenge.app */;
			productType = "com.apple.product-type.application";
		};
		D8C54023249154E10060BD08 /* Outdoorsy Code ChallengeTests */ = {
			isa = PBXNativeTarget;
			buildConfigurationList = D8C5403B249154E10060BD08 /* Build configuration list for PBXNativeTarget "Outdoorsy Code ChallengeTests" */;
			buildPhases = (
				D8C54020249154E10060BD08 /* Sources */,
				D8C54021249154E10060BD08 /* Frameworks */,
				D8C54022249154E10060BD08 /* Resources */,
			);
			buildRules = (
			);
			dependencies = (
				D8C54026249154E10060BD08 /* PBXTargetDependency */,
			);
			name = "Outdoorsy Code ChallengeTests";
			productName = "Outdoorsy Code ChallengeTests";
			productReference = D8C54024249154E10060BD08 /* Outdoorsy Code ChallengeTests.xctest */;
			productType = "com.apple.product-type.bundle.unit-test";
		};
		D8C5402E249154E10060BD08 /* Outdoorsy Code ChallengeUITests */ = {
			isa = PBXNativeTarget;
			buildConfigurationList = D8C5403E249154E10060BD08 /* Build configuration list for PBXNativeTarget "Outdoorsy Code ChallengeUITests" */;
			buildPhases = (
				D8C5402B249154E10060BD08 /* Sources */,
				D8C5402C249154E10060BD08 /* Frameworks */,
				D8C5402D249154E10060BD08 /* Resources */,
			);
			buildRules = (
			);
			dependencies = (
				D8C54031249154E10060BD08 /* PBXTargetDependency */,
			);
			name = "Outdoorsy Code ChallengeUITests";
			productName = "Outdoorsy Code ChallengeUITests";
			productReference = D8C5402F249154E10060BD08 /* Outdoorsy Code ChallengeUITests.xctest */;
			productType = "com.apple.product-type.bundle.ui-testing";
		};
/* End PBXNativeTarget section */

/* Begin PBXProject section */
		D8C54006249154DE0060BD08 /* Project object */ = {
			isa = PBXProject;
			attributes = {
				LastSwiftUpdateCheck = 1130;
				LastUpgradeCheck = 1130;
				ORGANIZATIONNAME = "Anchor Point";
				TargetAttributes = {
					D8C5400D249154DE0060BD08 = {
						CreatedOnToolsVersion = 11.3.1;
					};
					D8C54023249154E10060BD08 = {
						CreatedOnToolsVersion = 11.3.1;
						TestTargetID = D8C5400D249154DE0060BD08;
					};
					D8C5402E249154E10060BD08 = {
						CreatedOnToolsVersion = 11.3.1;
						TestTargetID = D8C5400D249154DE0060BD08;
					};
				};
			};
			buildConfigurationList = D8C54009249154DE0060BD08 /* Build configuration list for PBXProject "Outdoorsy Code Challenge" */;
			compatibilityVersion = "Xcode 9.3";
			developmentRegion = en;
			hasScannedForEncodings = 0;
			knownRegions = (
				en,
				Base,
			);
			mainGroup = D8C54005249154DE0060BD08;
			productRefGroup = D8C5400F249154DE0060BD08 /* Products */;
			projectDirPath = "";
			projectRoot = "";
			targets = (
				D8C5400D249154DE0060BD08 /* Outdoorsy Code Challenge */,
				D8C54023249154E10060BD08 /* Outdoorsy Code ChallengeTests */,
				D8C5402E249154E10060BD08 /* Outdoorsy Code ChallengeUITests */,
			);
		};
/* End PBXProject section */

/* Begin PBXResourcesBuildPhase section */
		D8C5400C249154DE0060BD08 /* Resources */ = {
			isa = PBXResourcesBuildPhase;
			buildActionMask = 2147483647;
			files = (
				D8C5401E249154E10060BD08 /* LaunchScreen.storyboard in Resources */,
				D8C5401B249154E10060BD08 /* Assets.xcassets in Resources */,
				D8C54019249154DE0060BD08 /* Main.storyboard in Resources */,
			);
			runOnlyForDeploymentPostprocessing = 0;
		};
		D8C54022249154E10060BD08 /* Resources */ = {
			isa = PBXResourcesBuildPhase;
			buildActionMask = 2147483647;
			files = (
			);
			runOnlyForDeploymentPostprocessing = 0;
		};
		D8C5402D249154E10060BD08 /* Resources */ = {
			isa = PBXResourcesBuildPhase;
			buildActionMask = 2147483647;
			files = (
			);
			runOnlyForDeploymentPostprocessing = 0;
		};
/* End PBXResourcesBuildPhase section */

/* Begin PBXSourcesBuildPhase section */
		D8C5400A249154DE0060BD08 /* Sources */ = {
			isa = PBXSourcesBuildPhase;
			buildActionMask = 2147483647;
			files = (
				D8C5404D2491AEE70060BD08 /* Collection+SafeAccess.swift in Sources */,
				D8C54048249195FA0060BD08 /* Presenter.swift in Sources */,
				D8C54016249154DE0060BD08 /* ViewController.swift in Sources */,
				D8C54012249154DE0060BD08 /* AppDelegate.swift in Sources */,
				D8C540542491BE7A0060BD08 /* SharedDefines.swift in Sources */,
				D8C540502491AFA60060BD08 /* ModelObject.swift in Sources */,
				D8C54014249154DE0060BD08 /* SceneDelegate.swift in Sources */,
				D8C5404424916F310060BD08 /* ResultTableViewCell.swift in Sources */,
				D8C5404224916E900060BD08 /* DownloadManager.swift in Sources */,
			);
			runOnlyForDeploymentPostprocessing = 0;
		};
		D8C54020249154E10060BD08 /* Sources */ = {
			isa = PBXSourcesBuildPhase;
			buildActionMask = 2147483647;
			files = (
				D8C54029249154E10060BD08 /* Outdoorsy_Code_ChallengeTests.swift in Sources */,
			);
			runOnlyForDeploymentPostprocessing = 0;
		};
		D8C5402B249154E10060BD08 /* Sources */ = {
			isa = PBXSourcesBuildPhase;
			buildActionMask = 2147483647;
			files = (
				D8C54034249154E10060BD08 /* Outdoorsy_Code_ChallengeUITests.swift in Sources */,
			);
			runOnlyForDeploymentPostprocessing = 0;
		};
/* End PBXSourcesBuildPhase section */

/* Begin PBXTargetDependency section */
		D8C54026249154E10060BD08 /* PBXTargetDependency */ = {
			isa = PBXTargetDependency;
			target = D8C5400D249154DE0060BD08 /* Outdoorsy Code Challenge */;
			targetProxy = D8C54025249154E10060BD08 /* PBXContainerItemProxy */;
		};
		D8C54031249154E10060BD08 /* PBXTargetDependency */ = {
			isa = PBXTargetDependency;
			target = D8C5400D249154DE0060BD08 /* Outdoorsy Code Challenge */;
			targetProxy = D8C54030249154E10060BD08 /* PBXContainerItemProxy */;
		};
/* End PBXTargetDependency section */

/* Begin PBXVariantGroup section */
		D8C54017249154DE0060BD08 /* Main.storyboard */ = {
			isa = PBXVariantGroup;
			children = (
				D8C54018249154DE0060BD08 /* Base */,
			);
			name = Main.storyboard;
			sourceTree = "<group>";
		};
		D8C5401C249154E10060BD08 /* LaunchScreen.storyboard */ = {
			isa = PBXVariantGroup;
			children = (
				D8C5401D249154E10060BD08 /* Base */,
			);
			name = LaunchScreen.storyboard;
			sourceTree = "<group>";
		};
/* End PBXVariantGroup section */

/* Begin XCBuildConfiguration section */
		D8C54036249154E10060BD08 /* Debug */ = {
			isa = XCBuildConfiguration;
			buildSettings = {
				ALWAYS_SEARCH_USER_PATHS = NO;
				CLANG_ANALYZER_NONNULL = YES;
				CLANG_ANALYZER_NUMBER_OBJECT_CONVERSION = YES_AGGRESSIVE;
				CLANG_CXX_LANGUAGE_STANDARD = "gnu++14";
				CLANG_CXX_LIBRARY = "libc++";
				CLANG_ENABLE_MODULES = YES;
				CLANG_ENABLE_OBJC_ARC = YES;
				CLANG_ENABLE_OBJC_WEAK = YES;
				CLANG_WARN_BLOCK_CAPTURE_AUTORELEASING = YES;
				CLANG_WARN_BOOL_CONVERSION = YES;
				CLANG_WARN_COMMA = YES;
				CLANG_WARN_CONSTANT_CONVERSION = YES;
				CLANG_WARN_DEPRECATED_OBJC_IMPLEMENTATIONS = YES;
				CLANG_WARN_DIRECT_OBJC_ISA_USAGE = YES_ERROR;
				CLANG_WARN_DOCUMENTATION_COMMENTS = YES;
				CLANG_WARN_EMPTY_BODY = YES;
				CLANG_WARN_ENUM_CONVERSION = YES;
				CLANG_WARN_INFINITE_RECURSION = YES;
				CLANG_WARN_INT_CONVERSION = YES;
				CLANG_WARN_NON_LITERAL_NULL_CONVERSION = YES;
				CLANG_WARN_OBJC_IMPLICIT_RETAIN_SELF = YES;
				CLANG_WARN_OBJC_LITERAL_CONVERSION = YES;
				CLANG_WARN_OBJC_ROOT_CLASS = YES_ERROR;
				CLANG_WARN_RANGE_LOOP_ANALYSIS = YES;
				CLANG_WARN_STRICT_PROTOTYPES = YES;
				CLANG_WARN_SUSPICIOUS_MOVE = YES;
				CLANG_WARN_UNGUARDED_AVAILABILITY = YES_AGGRESSIVE;
				CLANG_WARN_UNREACHABLE_CODE = YES;
				CLANG_WARN__DUPLICATE_METHOD_MATCH = YES;
				COPY_PHASE_STRIP = NO;
				DEBUG_INFORMATION_FORMAT = dwarf;
				ENABLE_STRICT_OBJC_MSGSEND = YES;
				ENABLE_TESTABILITY = YES;
				GCC_C_LANGUAGE_STANDARD = gnu11;
				GCC_DYNAMIC_NO_PIC = NO;
				GCC_NO_COMMON_BLOCKS = YES;
				GCC_OPTIMIZATION_LEVEL = 0;
				GCC_PREPROCESSOR_DEFINITIONS = (
					"DEBUG=1",
					"$(inherited)",
				);
				GCC_WARN_64_TO_32_BIT_CONVERSION = YES;
				GCC_WARN_ABOUT_RETURN_TYPE = YES_ERROR;
				GCC_WARN_UNDECLARED_SELECTOR = YES;
				GCC_WARN_UNINITIALIZED_AUTOS = YES_AGGRESSIVE;
				GCC_WARN_UNUSED_FUNCTION = YES;
				GCC_WARN_UNUSED_VARIABLE = YES;
				IPHONEOS_DEPLOYMENT_TARGET = 13.2;
				MTL_ENABLE_DEBUG_INFO = INCLUDE_SOURCE;
				MTL_FAST_MATH = YES;
				ONLY_ACTIVE_ARCH = YES;
				SDKROOT = iphoneos;
				SWIFT_ACTIVE_COMPILATION_CONDITIONS = DEBUG;
				SWIFT_OPTIMIZATION_LEVEL = "-Onone";
			};
			name = Debug;
		};
		D8C54037249154E10060BD08 /* Release */ = {
			isa = XCBuildConfiguration;
			buildSettings = {
				ALWAYS_SEARCH_USER_PATHS = NO;
				CLANG_ANALYZER_NONNULL = YES;
				CLANG_ANALYZER_NUMBER_OBJECT_CONVERSION = YES_AGGRESSIVE;
				CLANG_CXX_LANGUAGE_STANDARD = "gnu++14";
				CLANG_CXX_LIBRARY = "libc++";
				CLANG_ENABLE_MODULES = YES;
				CLANG_ENABLE_OBJC_ARC = YES;
				CLANG_ENABLE_OBJC_WEAK = YES;
				CLANG_WARN_BLOCK_CAPTURE_AUTORELEASING = YES;
				CLANG_WARN_BOOL_CONVERSION = YES;
				CLANG_WARN_COMMA = YES;
				CLANG_WARN_CONSTANT_CONVERSION = YES;
				CLANG_WARN_DEPRECATED_OBJC_IMPLEMENTATIONS = YES;
				CLANG_WARN_DIRECT_OBJC_ISA_USAGE = YES_ERROR;
				CLANG_WARN_DOCUMENTATION_COMMENTS = YES;
				CLANG_WARN_EMPTY_BODY = YES;
				CLANG_WARN_ENUM_CONVERSION = YES;
				CLANG_WARN_INFINITE_RECURSION = YES;
				CLANG_WARN_INT_CONVERSION = YES;
				CLANG_WARN_NON_LITERAL_NULL_CONVERSION = YES;
				CLANG_WARN_OBJC_IMPLICIT_RETAIN_SELF = YES;
				CLANG_WARN_OBJC_LITERAL_CONVERSION = YES;
				CLANG_WARN_OBJC_ROOT_CLASS = YES_ERROR;
				CLANG_WARN_RANGE_LOOP_ANALYSIS = YES;
				CLANG_WARN_STRICT_PROTOTYPES = YES;
				CLANG_WARN_SUSPICIOUS_MOVE = YES;
				CLANG_WARN_UNGUARDED_AVAILABILITY = YES_AGGRESSIVE;
				CLANG_WARN_UNREACHABLE_CODE = YES;
				CLANG_WARN__DUPLICATE_METHOD_MATCH = YES;
				COPY_PHASE_STRIP = NO;
				DEBUG_INFORMATION_FORMAT = "dwarf-with-dsym";
				ENABLE_NS_ASSERTIONS = NO;
				ENABLE_STRICT_OBJC_MSGSEND = YES;
				GCC_C_LANGUAGE_STANDARD = gnu11;
				GCC_NO_COMMON_BLOCKS = YES;
				GCC_WARN_64_TO_32_BIT_CONVERSION = YES;
				GCC_WARN_ABOUT_RETURN_TYPE = YES_ERROR;
				GCC_WARN_UNDECLARED_SELECTOR = YES;
				GCC_WARN_UNINITIALIZED_AUTOS = YES_AGGRESSIVE;
				GCC_WARN_UNUSED_FUNCTION = YES;
				GCC_WARN_UNUSED_VARIABLE = YES;
				IPHONEOS_DEPLOYMENT_TARGET = 13.2;
				MTL_ENABLE_DEBUG_INFO = NO;
				MTL_FAST_MATH = YES;
				SDKROOT = iphoneos;
				SWIFT_COMPILATION_MODE = wholemodule;
				SWIFT_OPTIMIZATION_LEVEL = "-O";
				VALIDATE_PRODUCT = YES;
			};
			name = Release;
		};
		D8C54039249154E10060BD08 /* Debug */ = {
			isa = XCBuildConfiguration;
			buildSettings = {
				ASSETCATALOG_COMPILER_APPICON_NAME = AppIcon;
				CODE_SIGN_STYLE = Automatic;
				DEVELOPMENT_TEAM = ULX97GE3AA;
				INFOPLIST_FILE = "Outdoorsy Code Challenge/Info.plist";
				LD_RUNPATH_SEARCH_PATHS = (
					"$(inherited)",
					"@executable_path/Frameworks",
				);
				PRODUCT_BUNDLE_IDENTIFIER = "AchorPoint.Outdoorsy-Code-Challenge";
				PRODUCT_NAME = "$(TARGET_NAME)";
				SWIFT_VERSION = 5.0;
				TARGETED_DEVICE_FAMILY = "1,2";
			};
			name = Debug;
		};
		D8C5403A249154E10060BD08 /* Release */ = {
			isa = XCBuildConfiguration;
			buildSettings = {
				ASSETCATALOG_COMPILER_APPICON_NAME = AppIcon;
				CODE_SIGN_STYLE = Automatic;
				DEVELOPMENT_TEAM = ULX97GE3AA;
				INFOPLIST_FILE = "Outdoorsy Code Challenge/Info.plist";
				LD_RUNPATH_SEARCH_PATHS = (
					"$(inherited)",
					"@executable_path/Frameworks",
				);
				PRODUCT_BUNDLE_IDENTIFIER = "AchorPoint.Outdoorsy-Code-Challenge";
				PRODUCT_NAME = "$(TARGET_NAME)";
				SWIFT_VERSION = 5.0;
				TARGETED_DEVICE_FAMILY = "1,2";
			};
			name = Release;
		};
		D8C5403C249154E10060BD08 /* Debug */ = {
			isa = XCBuildConfiguration;
			buildSettings = {
				ALWAYS_EMBED_SWIFT_STANDARD_LIBRARIES = YES;
				BUNDLE_LOADER = "$(TEST_HOST)";
				CODE_SIGN_STYLE = Automatic;
				DEVELOPMENT_TEAM = ULX97GE3AA;
				INFOPLIST_FILE = "Outdoorsy Code ChallengeTests/Info.plist";
				IPHONEOS_DEPLOYMENT_TARGET = 13.2;
				LD_RUNPATH_SEARCH_PATHS = (
					"$(inherited)",
					"@executable_path/Frameworks",
					"@loader_path/Frameworks",
				);
				PRODUCT_BUNDLE_IDENTIFIER = "AchorPoint.Outdoorsy-Code-ChallengeTests";
				PRODUCT_NAME = "$(TARGET_NAME)";
				SWIFT_VERSION = 5.0;
				TARGETED_DEVICE_FAMILY = "1,2";
				TEST_HOST = "$(BUILT_PRODUCTS_DIR)/Outdoorsy Code Challenge.app/Outdoorsy Code Challenge";
			};
			name = Debug;
		};
		D8C5403D249154E10060BD08 /* Release */ = {
			isa = XCBuildConfiguration;
			buildSettings = {
				ALWAYS_EMBED_SWIFT_STANDARD_LIBRARIES = YES;
				BUNDLE_LOADER = "$(TEST_HOST)";
				CODE_SIGN_STYLE = Automatic;
				DEVELOPMENT_TEAM = ULX97GE3AA;
				INFOPLIST_FILE = "Outdoorsy Code ChallengeTests/Info.plist";
				IPHONEOS_DEPLOYMENT_TARGET = 13.2;
				LD_RUNPATH_SEARCH_PATHS = (
					"$(inherited)",
					"@executable_path/Frameworks",
					"@loader_path/Frameworks",
				);
				PRODUCT_BUNDLE_IDENTIFIER = "AchorPoint.Outdoorsy-Code-ChallengeTests";
				PRODUCT_NAME = "$(TARGET_NAME)";
				SWIFT_VERSION = 5.0;
				TARGETED_DEVICE_FAMILY = "1,2";
				TEST_HOST = "$(BUILT_PRODUCTS_DIR)/Outdoorsy Code Challenge.app/Outdoorsy Code Challenge";
			};
			name = Release;
		};
		D8C5403F249154E10060BD08 /* Debug */ = {
			isa = XCBuildConfiguration;
			buildSettings = {
				ALWAYS_EMBED_SWIFT_STANDARD_LIBRARIES = YES;
				CODE_SIGN_STYLE = Automatic;
				DEVELOPMENT_TEAM = ULX97GE3AA;
				INFOPLIST_FILE = "Outdoorsy Code ChallengeUITests/Info.plist";
				LD_RUNPATH_SEARCH_PATHS = (
					"$(inherited)",
					"@executable_path/Frameworks",
					"@loader_path/Frameworks",
				);
				PRODUCT_BUNDLE_IDENTIFIER = "AchorPoint.Outdoorsy-Code-ChallengeUITests";
				PRODUCT_NAME = "$(TARGET_NAME)";
				SWIFT_VERSION = 5.0;
				TARGETED_DEVICE_FAMILY = "1,2";
				TEST_TARGET_NAME = "Outdoorsy Code Challenge";
			};
			name = Debug;
		};
		D8C54040249154E10060BD08 /* Release */ = {
			isa = XCBuildConfiguration;
			buildSettings = {
				ALWAYS_EMBED_SWIFT_STANDARD_LIBRARIES = YES;
				CODE_SIGN_STYLE = Automatic;
				DEVELOPMENT_TEAM = ULX97GE3AA;
				INFOPLIST_FILE = "Outdoorsy Code ChallengeUITests/Info.plist";
				LD_RUNPATH_SEARCH_PATHS = (
					"$(inherited)",
					"@executable_path/Frameworks",
					"@loader_path/Frameworks",
				);
				PRODUCT_BUNDLE_IDENTIFIER = "AchorPoint.Outdoorsy-Code-ChallengeUITests";
				PRODUCT_NAME = "$(TARGET_NAME)";
				SWIFT_VERSION = 5.0;
				TARGETED_DEVICE_FAMILY = "1,2";
				TEST_TARGET_NAME = "Outdoorsy Code Challenge";
			};
			name = Release;
		};
/* End XCBuildConfiguration section */

/* Begin XCConfigurationList section */
		D8C54009249154DE0060BD08 /* Build configuration list for PBXProject "Outdoorsy Code Challenge" */ = {
			isa = XCConfigurationList;
			buildConfigurations = (
				D8C54036249154E10060BD08 /* Debug */,
				D8C54037249154E10060BD08 /* Release */,
			);
			defaultConfigurationIsVisible = 0;
			defaultConfigurationName = Release;
		};
		D8C54038249154E10060BD08 /* Build configuration list for PBXNativeTarget "Outdoorsy Code Challenge" */ = {
			isa = XCConfigurationList;
			buildConfigurations = (
				D8C54039249154E10060BD08 /* Debug */,
				D8C5403A249154E10060BD08 /* Release */,
			);
			defaultConfigurationIsVisible = 0;
			defaultConfigurationName = Release;
		};
		D8C5403B249154E10060BD08 /* Build configuration list for PBXNativeTarget "Outdoorsy Code ChallengeTests" */ = {
			isa = XCConfigurationList;
			buildConfigurations = (
				D8C5403C249154E10060BD08 /* Debug */,
				D8C5403D249154E10060BD08 /* Release */,
			);
			defaultConfigurationIsVisible = 0;
			defaultConfigurationName = Release;
		};
		D8C5403E249154E10060BD08 /* Build configuration list for PBXNativeTarget "Outdoorsy Code ChallengeUITests" */ = {
			isa = XCConfigurationList;
			buildConfigurations = (
				D8C5403F249154E10060BD08 /* Debug */,
				D8C54040249154E10060BD08 /* Release */,
			);
			defaultConfigurationIsVisible = 0;
			defaultConfigurationName = Release;
		};
/* End XCConfigurationList section */
	};
	rootObject = D8C54006249154DE0060BD08 /* Project object */;
}
